<?xml version="1.0" encoding="UTF-8" standalone="yes" ?>
<CodeBlocks_project_file>
	<FileVersion major="1" minor="6" />
	<Project>
		<Option title="waage" />
		<Option pch_mode="2" />
		<Option compiler="gcc" />
		<Build>
			<Target title="Debug">
				<Option output="bin\Debug\zwfwaage" prefix_auto="1" extension_auto="1" />
				<Option object_output="obj\Debug\" />
				<Option type="1" />
				<Option compiler="gcc" />
				<Option parameters="--p COM1 --b 9600 --name skeller1" />
				<Compiler>
					<Add option="-Wall" />
				</Compiler>
			</Target>
			<Target title="Release">
				<Option output="..\..\waage\zwfwaage" prefix_auto="1" extension_auto="1" />
				<Option object_output="C:\Projekte\waage\.objs" />
				<Option type="0" />
				<Option compiler="gcc" />
				<Compiler>
					<Add option="-fexpensive-optimizations" />
					<Add option="-Os" />
					<Add option="-O3" />
					<Add option="-w" />
					<Add option="-lws2_32 -lboost_file_system-mgw -static-libgcc" />
				</Compiler>
				<Linker>
					<Add option="-s" />
				</Linker>
			</Target>
		</Build>
		<Compiler>
			<Add option="-Wall" />
			<Add option="-fexceptions -DBOOST_THREAD_USE_LIB=1 -D_WIN32_WINNT=0x0501" />
			<Add directory="$(#boost)" />
			<Add directory="tinyxml" />
		</Compiler>
		<ResourceCompiler>
			<Add directory="tinyxml" />
		</ResourceCompiler>
		<Linker>
			<Add option="-lws2_32" />
			<Add library="D:\Bibliotheken\boost\boost_1_50_0\stage\lib\libboost_system-mgw44-mt-d-1_50.a" />
			<Add library="D:\Bibliotheken\boost\boost_1_50_0\stage\lib\libboost_thread-mgw44-mt-d-1_50.a" />
			<Add library="D:\Bibliotheken\boost\boost_1_50_0\stage\lib\libboost_chrono-mgw44-mt-d-1_50.a" />
			<Add library="D:\Bibliotheken\boost\boost_1_50_0\stage\lib\libboost_filesystem-mgw44-mt-d-1_50.a" />
			<Add library="D:\Bibliotheken\boost\boost_1_50_0\stage\lib\libboost_program_options-mgw44-mt-d-1_50.a" />
			<Add library="D:\Bibliotheken\boost\boost_1_50_0\stage\lib\libboost_regex-mgw44-mt-d-1_50.a" />
			<Add directory="$(#boost.lib)" />
			<Add directory="tinyxml" />
		</Linker>
		<Unit filename="AsyncSerial.cpp" />
		<Unit filename="AsyncSerial.h" />
		<Unit filename="SimpleSerial.h" />
		<Unit filename="main.cpp" />
		<Unit filename="tinyxml\tinystr.cpp" />
		<Unit filename="tinyxml\tinystr.h" />
		<Unit filename="tinyxml\tinyxml.cpp" />
		<Unit filename="tinyxml\tinyxml.h" />
		<Unit filename="tinyxml\tinyxmlerror.cpp" />
		<Unit filename="tinyxml\tinyxmlparser.cpp" />
		<Extensions>
			<code_completion />
			<debugger />
		</Extensions>
	</Project>
</CodeBlocks_project_file>
